
Microsoft Visual Studio Solution File, Format Version 12.00
# Visual Studio 15
VisualStudioVersion = 15.0.28307.1145
MinimumVisualStudioVersion = 10.0.40219.1
Project("{F184B08F-C81C-45F6-A57F-5ABD9991F28F}") = "StringToDoubleConverter", "StringToDoubleConverter.vbproj", "{15720F36-41DF-47E2-A449-DFEBCBC60A80}"
EndProject
Global
	GlobalSection(SolutionConfigurationPlatforms) = preSolution
		Debug|Any CPU = Debug|Any CPU
		Release|Any CPU = Release|Any CPU
	EndGlobalSection
	GlobalSection(ProjectConfigurationPlatforms) = postSolution
		{15720F36-41DF-47E2-A449-DFEBCBC60A80}.Debug|Any CPU.ActiveCfg = Debug|Any CPU
		{15720F36-41DF-47E2-A449-DFEBCBC60A80}.Debug|Any CPU.Build.0 = Debug|Any CPU
		{15720F36-41DF-47E2-A449-DFEBCBC60A80}.Release|Any CPU.ActiveCfg = Release|Any CPU
		{15720F36-41DF-47E2-A449-DFEBCBC60A80}.Release|Any CPU.Build.0 = Release|Any CPU
	EndGlobalSection
	GlobalSection(SolutionProperties) = preSolution
		HideSolutionNode = FALSE
	EndGlobalSection
	GlobalSection(ExtensibilityGlobals) = postSolution
		SolutionGuid = {CAD7063F-708E-4CD0-AF9B-A57485546DFC}
	EndGlobalSection
EndGlobal
